schema: '2.0'
stages:
  download_data:
    cmd: uv run python src/mlops_prototype/data/download.py
    deps:
    - path: src/mlops_prototype/data/download.py
      hash: md5
      md5: b482789a7549208ff663b610e29e6525
      size: 1137
    outs:
    - path: data/raw/bank-additional/bank-additional-full.csv
      hash: md5
      md5: f6cb2c1256ffe2836b36df321f46e92c
      size: 5834924
  prepare_data:
    cmd: uv run python src/mlops_prototype/data/prepare.py
    deps:
    - path: data/raw/bank-additional/bank-additional-full.csv
      hash: md5
      md5: f6cb2c1256ffe2836b36df321f46e92c
      size: 5834924
    - path: src/mlops_prototype/data/prepare.py
      hash: md5
      md5: c4b579571903b02e60a005b6a824a3e8
      size: 1307
    params:
      params.yaml:
        data.random_state: 42
        data.raw_path: data/raw/bank-additional/bank-additional-full.csv
        data.target: y
        data.test_path: data/processed/test.csv
        data.test_size: 0.2
        data.train_path: data/processed/train.csv
    outs:
    - path: data/processed/test.csv
      hash: md5
      md5: fc925ca0e6c31b024b33a07614ea5f4a
      size: 982448
    - path: data/processed/train.csv
      hash: md5
      md5: 2e20bd5f9482fb7d8e966df3258253bb
      size: 3929774
  train_model:
    cmd: uv run python src/mlops_prototype/training/train.py
    deps:
    - path: data/processed/train.csv
      hash: md5
      md5: 2e20bd5f9482fb7d8e966df3258253bb
      size: 3929774
    - path: src/mlops_prototype/training/train.py
      hash: md5
      md5: fc48c3b4205327e0771a85e4b1400aef
      size: 1728
    params:
      params.yaml:
        data.random_state: 42
        data.target: y
        data.train_path: data/processed/train.csv
        model.class_weight: balanced
        model.max_iter: 1000
        model.output_path: models/model.joblib
    outs:
    - path: models/model.joblib
      hash: md5
      md5: 0f5a35d2c628754430090b98d5f2ab5e
      size: 6721
  evaluate_model:
    cmd: uv run python src/mlops_prototype/training/evaluate.py
    deps:
    - path: data/processed/test.csv
      hash: md5
      md5: fc925ca0e6c31b024b33a07614ea5f4a
      size: 982448
    - path: models/model.joblib
      hash: md5
      md5: 0f5a35d2c628754430090b98d5f2ab5e
      size: 6721
    - path: src/mlops_prototype/training/evaluate.py
      hash: md5
      md5: 0670754e969fafa20748371cb362e069
      size: 5058
    params:
      params.yaml:
        data.target: y
        data.test_path: data/processed/test.csv
        evaluation.metrics_path: reports/evaluation/metrics.json
        mlflow.experiment_name: bank-marketing-classification
        mlflow.run_name: logistic-regression-dvc
        model.output_path: models/model.joblib
    outs:
    - path: reports/evaluation/metrics.json
      hash: md5
      md5: a9fea5d4fe9448cd0b40fc6a86eb2679
      size: 152
    - path: reports/evaluation/mlflow_run.json
      hash: md5
      md5: 7fd825502b2df7815640adce0fb8c53d
      size: 228
  register_model:
    cmd: uv run python src/mlops_prototype/registry/register.py
    deps:
    - path: reports/evaluation/metrics.json
      hash: md5
      md5: a9fea5d4fe9448cd0b40fc6a86eb2679
      size: 152
    - path: reports/evaluation/mlflow_run.json
      hash: md5
      md5: 7fd825502b2df7815640adce0fb8c53d
      size: 228
    - path: src/mlops_prototype/registry/register.py
      hash: md5
      md5: 37f4c57d81f1b12f5fd42433f59a66cb
      size: 3450
    params:
      params.yaml:
        evaluation.metrics_path: reports/evaluation/metrics.json
        mlflow.minimum_roc_auc: 0.75
        mlflow.model_alias: candidate
        mlflow.registered_model_name: bank-marketing-classifier
    outs:
    - path: reports/evaluation/registry_info.json
      hash: md5
      md5: 846bdbe2a46c607c59f659842d1eefca
      size: 360
  simulate_monitoring_data:
    cmd: uv run python src/mlops_prototype/monitoring/simulate.py
    deps:
    - path: data/processed/test.csv
      hash: md5
      md5: fc925ca0e6c31b024b33a07614ea5f4a
      size: 982448
    - path: src/mlops_prototype/monitoring/simulate.py
      hash: md5
      md5: f33a85857e4e6860cec1d76e5c76184e
      size: 4983
    params:
      params.yaml:
        data.target: y
        monitoring.drifted_path: data/simulated/drifted.csv
        monitoring.no_drift_path: data/simulated/no_drift.csv
        monitoring.random_state: 42
        monitoring.simulation_manifest_path: 
          reports/monitoring/simulation_manifest.json
    outs:
    - path: data/simulated/drifted.csv
      hash: md5
      md5: 0f293503e3f928f520ee76e71972ad74
      size: 969770
    - path: data/simulated/no_drift.csv
      hash: md5
      md5: 8be7c13c18fe2ad284ea36206dff2060
      size: 956804
    - path: reports/monitoring/simulation_manifest.json
      hash: md5
      md5: 01ae4b0f76c51000a78f0da76d9d24be
      size: 754
  monitor_data:
    cmd: uv run python src/mlops_prototype/monitoring/report.py
    deps:
    - path: data/processed/test.csv
      hash: md5
      md5: fc925ca0e6c31b024b33a07614ea5f4a
      size: 982448
    - path: data/simulated/drifted.csv
      hash: md5
      md5: 0f293503e3f928f520ee76e71972ad74
      size: 969770
    - path: data/simulated/no_drift.csv
      hash: md5
      md5: 8be7c13c18fe2ad284ea36206dff2060
      size: 956804
    - path: models/model.joblib
      hash: md5
      md5: 0f5a35d2c628754430090b98d5f2ab5e
      size: 6721
    - path: src/mlops_prototype/monitoring/report.py
      hash: md5
      md5: 9e2d632c9b3a08de27e1db0d967f27d1
      size: 7399
    params:
      params.yaml:
        data.target: y
        model.output_path: models/model.joblib
        monitoring.drift_share: 0.2
        monitoring.drifted_path: data/simulated/drifted.csv
        monitoring.no_drift_path: data/simulated/no_drift.csv
        monitoring.reference_path: data/processed/test.csv
        monitoring.report_dir: reports/monitoring
        monitoring.summary_path: reports/monitoring/monitoring_summary.json
    outs:
    - path: reports/monitoring/drifted_report.html
      hash: md5
      md5: 206e20867e2256b71ff8f7daa861ebcd
      size: 4566016
    - path: reports/monitoring/drifted_report.json
      hash: md5
      md5: a373f169e665ab3ee859f59438271cee
      size: 21189
    - path: reports/monitoring/monitoring_summary.json
      hash: md5
      md5: 78740fc3d86cb7f5109cf02a52cf15f2
      size: 1436
    - path: reports/monitoring/no_drift_report.html
      hash: md5
      md5: 7291805b2776e36604737284d2b337b1
      size: 4571737
    - path: reports/monitoring/no_drift_report.json
      hash: md5
      md5: 47bf218d8073aba24769b08e0d85039a
      size: 21020
